// !$*UTF8*$!
{
	archiveVersion = 1;
	classes = {
	};
	objectVersion = 48;
	objects = {

/* Begin PBXBuildFile section */
		C23D46591FD93DF500AD3F0A /* AppDelegate.m in Sources */ = {isa = PBXBuildFile; fileRef = C23D46581FD93DF500AD3F0A /* AppDelegate.m */; };
		C23D465C1FD93DF500AD3F0A /* ViewController.m in Sources */ = {isa = PBXBuildFile; fileRef = C23D465B1FD93DF500AD3F0A /* ViewController.m */; };
		C23D465F1FD93DF500AD3F0A /* Main.storyboard in Resources */ = {isa = PBXBuildFile; fileRef = C23D465D1FD93DF500AD3F0A /* Main.storyboard */; };
		C23D46611FD93DF500AD3F0A /* Assets.xcassets in Resources */ = {isa = PBXBuildFile; fileRef = C23D46601FD93DF500AD3F0A /* Assets.xcassets */; };
		C23D46641FD93DF500AD3F0A /* LaunchScreen.storyboard in Resources */ = {isa = PBXBuildFile; fileRef = C23D46621FD93DF500AD3F0A /* LaunchScreen.storyboard */; };
		C23D46671FD93DF600AD3F0A /* main.m in Sources */ = {isa = PBXBuildFile; fileRef = C23D46661FD93DF600AD3F0A /* main.m */; };
		C23D46701FDA33DE00AD3F0A /* CoreMotion.framework in Frameworks */ = {isa = PBXBuildFile; fileRef = C23D466F1FDA33DE00AD3F0A /* CoreMotion.framework */; };
		C23D46731FDA340900AD3F0A /* KNGyroscope.m in Sources */ = {isa = PBXBuildFile; fileRef = C23D46721FDA340900AD3F0A /* KNGyroscope.m */; };
/* End PBXBuildFile section */

/* Begin PBXFileReference section */
		C23D46541FD93DF500AD3F0A /* KNGyroscopeView.app */ = {isa = PBXFileReference; explicitFileType = wrapper.application; includeInIndex = 0; path = KNGyroscopeView.app; sourceTree = BUILT_PRODUCTS_DIR; };
		C23D46571FD93DF500AD3F0A /* AppDelegate.h */ = {isa = PBXFileReference; lastKnownFileType = sourcecode.c.h; path = AppDelegate.h; sourceTree = "<group>"; };
		C23D46581FD93DF500AD3F0A /* AppDelegate.m */ = {isa = PBXFileReference; lastKnownFileType = sourcecode.c.objc; path = AppDelegate.m; sourceTree = "<group>"; };
		C23D465A1FD93DF500AD3F0A /* ViewController.h */ = {isa = PBXFileReference; lastKnownFileType = sourcecode.c.h; path = ViewController.h; sourceTree = "<group>"; };
		C23D465B1FD93DF500AD3F0A /* ViewController.m */ = {isa = PBXFileReference; lastKnownFileType = sourcecode.c.objc; path = ViewController.m; sourceTree = "<group>"; };
		C23D465E1FD93DF500AD3F0A /* Base */ = {isa = PBXFileReference; lastKnownFileType = file.storyboard; name = Base; path = Base.lproj/Main.storyboard; sourceTree = "<group>"; };
		C23D46601FD93DF500AD3F0A /* Assets.xcassets */ = {isa = PBXFileReference; lastKnownFileType = folder.assetcatalog; path = Assets.xcassets; sourceTree = "<group>"; };
		C23D46631FD93DF500AD3F0A /* Base */ = {isa = PBXFileReference; lastKnownFileType = file.storyboard; name = Base; path = Base.lproj/LaunchScreen.storyboard; sourceTree = "<group>"; };
		C23D46651FD93DF600AD3F0A /* Info.plist */ = {isa = PBXFileReference; lastKnownFileType = text.plist.xml; path = Info.plist; sourceTree = "<group>"; };
		C23D46661FD93DF600AD3F0A /* main.m */ = {isa = PBXFileReference; lastKnownFileType = sourcecode.c.objc; path = main.m; sourceTree = "<group>"; };
		C23D466F1FDA33DE00AD3F0A /* CoreMotion.framework */ = {isa = PBXFileReference; lastKnownFileType = wrapper.framework; name = CoreMotion.framework; path = System/Library/Frameworks/CoreMotion.framework; sourceTree = SDKROOT; };
		C23D46711FDA340900AD3F0A /* KNGyroscope.h */ = {isa = PBXFileReference; lastKnownFileType = sourcecode.c.h; path = KNGyroscope.h; sourceTree = "<group>"; };
		C23D46721FDA340900AD3F0A /* KNGyroscope.m */ = {isa = PBXFileReference; lastKnownFileType = sourcecode.c.objc; path = KNGyroscope.m; sourceTree = "<group>"; };
/* End PBXFileReference section */

/* Begin PBXFrameworksBuildPhase section */
		C23D46511FD93DF500AD3F0A /* Frameworks */ = {
			isa = PBXFrameworksBuildPhase;
			buildActionMask = 2147483647;
			files = (
				C23D46701FDA33DE00AD3F0A /* CoreMotion.framework in Frameworks */,
			);
			runOnlyForDeploymentPostprocessing = 0;
		};
/* End PBXFrameworksBuildPhase section */

/* Begin PBXGroup section */
		C23D464B1FD93DF500AD3F0A = {
			isa = PBXGroup;
			children = (
				C23D46561FD93DF500AD3F0A /* KNGyroscopeView */,
				C23D46551FD93DF500AD3F0A /* Products */,
				C23D466E1FDA33DE00AD3F0A /* Frameworks */,
			);
			sourceTree = "<group>";
		};
		C23D46551FD93DF500AD3F0A /* Products */ = {
			isa = PBXGroup;
			children = (
				C23D46541FD93DF500AD3F0A /* KNGyroscopeView.app */,
			);
			name = Products;
			sourceTree = "<group>";
		};
		C23D46561FD93DF500AD3F0A /* KNGyroscopeView */ = {
			isa = PBXGroup;
			children = (
				C23D466D1FDA33BB00AD3F0A /* KNGyroscopeImageView */,
				C23D46571FD93DF500AD3F0A /* AppDelegate.h */,
				C23D46581FD93DF500AD3F0A /* AppDelegate.m */,
				C23D465A1FD93DF500AD3F0A /* ViewController.h */,
				C23D465B1FD93DF500AD3F0A /* ViewController.m */,
				C23D465D1FD93DF500AD3F0A /* Main.storyboard */,
				C23D46601FD93DF500AD3F0A /* Assets.xcassets */,
				C23D46621FD93DF500AD3F0A /* LaunchScreen.storyboard */,
				C23D46651FD93DF600AD3F0A /* Info.plist */,
				C23D46661FD93DF600AD3F0A /* main.m */,
			);
			path = KNGyroscopeView;
			sourceTree = "<group>";
		};
		C23D466D1FDA33BB00AD3F0A /* KNGyroscopeImageView */ = {
			isa = PBXGroup;
			children = (
				C23D46711FDA340900AD3F0A /* KNGyroscope.h */,
				C23D46721FDA340900AD3F0A /* KNGyroscope.m */,
			);
			path = KNGyroscopeImageView;
			sourceTree = "<group>";
		};
		C23D466E1FDA33DE00AD3F0A /* Frameworks */ = {
			isa = PBXGroup;
			children = (
				C23D466F1FDA33DE00AD3F0A /* CoreMotion.framework */,
			);
			name = Frameworks;
			sourceTree = "<group>";
		};
/* End PBXGroup section */

/* Begin PBXNativeTarget section */
		C23D46531FD93DF500AD3F0A /* KNGyroscopeView */ = {
			isa = PBXNativeTarget;
			buildConfigurationList = C23D466A1FD93DF600AD3F0A /* Build configuration list for PBXNativeTarget "KNGyroscopeView" */;
			buildPhases = (
				C23D46501FD93DF500AD3F0A /* Sources */,
				C23D46511FD93DF500AD3F0A /* Frameworks */,
				C23D46521FD93DF500AD3F0A /* Resources */,
			);
			buildRules = (
			);
			dependencies = (
			);
			name = KNGyroscopeView;
			productName = KNGyroscopeView;
			productReference = C23D46541FD93DF500AD3F0A /* KNGyroscopeView.app */;
			productType = "com.apple.product-type.application";
		};
/* End PBXNativeTarget section */

/* Begin PBXProject section */
		C23D464C1FD93DF500AD3F0A /* Project object */ = {
			isa = PBXProject;
			attributes = {
				LastUpgradeCheck = 0920;
				ORGANIZATIONNAME = KrystalName;
				TargetAttributes = {
					C23D46531FD93DF500AD3F0A = {
						CreatedOnToolsVersion = 9.2;
						ProvisioningStyle = Automatic;
					};
				};
			};
			buildConfigurationList = C23D464F1FD93DF500AD3F0A /* Build configuration list for PBXProject "KNGyroscopeView" */;
			compatibilityVersion = "Xcode 8.0";
			developmentRegion = en;
			hasScannedForEncodings = 0;
			knownRegions = (
				en,
				Base,
			);
			mainGroup = C23D464B1FD93DF500AD3F0A;
			productRefGroup = C23D46551FD93DF500AD3F0A /* Products */;
			projectDirPath = "";
			projectRoot = "";
			targets = (
				C23D46531FD93DF500AD3F0A /* KNGyroscopeView */,
			);
		};
/* End PBXProject section */

/* Begin PBXResourcesBuildPhase section */
		C23D46521FD93DF500AD3F0A /* Resources */ = {
			isa = PBXResourcesBuildPhase;
			buildActionMask = 2147483647;
			files = (
				C23D46641FD93DF500AD3F0A /* LaunchScreen.storyboard in Resources */,
				C23D46611FD93DF500AD3F0A /* Assets.xcassets in Resources */,
				C23D465F1FD93DF500AD3F0A /* Main.storyboard in Resources */,
			);
			runOnlyForDeploymentPostprocessing = 0;
		};
/* End PBXResourcesBuildPhase section */

/* Begin PBXSourcesBuildPhase section */
		C23D46501FD93DF500AD3F0A /* Sources */ = {
			isa = PBXSourcesBuildPhase;
			buildActionMask = 2147483647;
			files = (
				C23D46731FDA340900AD3F0A /* KNGyroscope.m in Sources */,
				C23D465C1FD93DF500AD3F0A /* ViewController.m in Sources */,
				C23D46671FD93DF600AD3F0A /* main.m in Sources */,
				C23D46591FD93DF500AD3F0A /* AppDelegate.m in Sources */,
			);
			runOnlyForDeploymentPostprocessing = 0;
		};
/* End PBXSourcesBuildPhase section */

/* Begin PBXVariantGroup section */
		C23D465D1FD93DF500AD3F0A /* Main.storyboard */ = {
			isa = PBXVariantGroup;
			children = (
				C23D465E1FD93DF500AD3F0A /* Base */,
			);
			name = Main.storyboard;
			sourceTree = "<group>";
		};
		C23D46621FD93DF500AD3F0A /* LaunchScreen.storyboard */ = {
			isa = PBXVariantGroup;
			children = (
				C23D46631FD93DF500AD3F0A /* Base */,
			);
			name = LaunchScreen.storyboard;
			sourceTree = "<group>";
		};
/* End PBXVariantGroup section */

/* Begin XCBuildConfiguration section */
		C23D46681FD93DF600AD3F0A /* Debug */ = {
			isa = XCBuildConfiguration;
			buildSettings = {
				ALWAYS_SEARCH_USER_PATHS = NO;
				CLANG_ANALYZER_NONNULL = YES;
				CLANG_ANALYZER_NUMBER_OBJECT_CONVERSION = YES_AGGRESSIVE;
				CLANG_CXX_LANGUAGE_STANDARD = "gnu++14";
				CLANG_CXX_LIBRARY = "libc++";
				CLANG_ENABLE_MODULES = YES;
				CLANG_ENABLE_OBJC_ARC = YES;
				CLANG_WARN_BLOCK_CAPTURE_AUTORELEASING = YES;
				CLANG_WARN_BOOL_CONVERSION = YES;
				CLANG_WARN_COMMA = YES;
				CLANG_WARN_CONSTANT_CONVERSION = YES;
				CLANG_WARN_DIRECT_OBJC_ISA_USAGE = YES_ERROR;
				CLANG_WARN_DOCUMENTATION_COMMENTS = YES;
				CLANG_WARN_EMPTY_BODY = YES;
				CLANG_WARN_ENUM_CONVERSION = YES;
				CLANG_WARN_INFINITE_RECURSION = YES;
				CLANG_WARN_INT_CONVERSION = YES;
				CLANG_WARN_NON_LITERAL_NULL_CONVERSION = YES;
				CLANG_WARN_OBJC_LITERAL_CONVERSION = YES;
				CLANG_WARN_OBJC_ROOT_CLASS = YES_ERROR;
				CLANG_WARN_RANGE_LOOP_ANALYSIS = YES;
				CLANG_WARN_STRICT_PROTOTYPES = YES;
				CLANG_WARN_SUSPICIOUS_MOVE = YES;
				CLANG_WARN_UNGUARDED_AVAILABILITY = YES_AGGRESSIVE;
				CLANG_WARN_UNREACHABLE_CODE = YES;
				CLANG_WARN__DUPLICATE_METHOD_MATCH = YES;
				CODE_SIGN_IDENTITY = "iPhone Developer";
				COPY_PHASE_STRIP = NO;
				DEBUG_INFORMATION_FORMAT = dwarf;
				ENABLE_STRICT_OBJC_MSGSEND = YES;
				ENABLE_TESTABILITY = YES;
				GCC_C_LANGUAGE_STANDARD = gnu11;
				GCC_DYNAMIC_NO_PIC = NO;
				GCC_NO_COMMON_BLOCKS = YES;
				GCC_OPTIMIZATION_LEVEL = 0;
				GCC_PREPROCESSOR_DEFINITIONS = (
					"DEBUG=1",
					"$(inherited)",
				);
				GCC_WARN_64_TO_32_BIT_CONVERSION = YES;
				GCC_WARN_ABOUT_RETURN_TYPE = YES_ERROR;
				GCC_WARN_UNDECLARED_SELECTOR = YES;
				GCC_WARN_UNINITIALIZED_AUTOS = YES_AGGRESSIVE;
				GCC_WARN_UNUSED_FUNCTION = YES;
				GCC_WARN_UNUSED_VARIABLE = YES;
				IPHONEOS_DEPLOYMENT_TARGET = 11.2;
				MTL_ENABLE_DEBUG_INFO = YES;
				ONLY_ACTIVE_ARCH = YES;
				SDKROOT = iphoneos;
			};
			name = Debug;
		};
		C23D46691FD93DF600AD3F0A /* Release */ = {
			isa = XCBuildConfiguration;
			buildSettings = {
				ALWAYS_SEARCH_USER_PATHS = NO;
				CLANG_ANALYZER_NONNULL = YES;
				CLANG_ANALYZER_NUMBER_OBJECT_CONVERSION = YES_AGGRESSIVE;
				CLANG_CXX_LANGUAGE_STANDARD = "gnu++14";
				CLANG_CXX_LIBRARY = "libc++";
				CLANG_ENABLE_MODULES = YES;
				CLANG_ENABLE_OBJC_ARC = YES;
				CLANG_WARN_BLOCK_CAPTURE_AUTORELEASING = YES;
				CLANG_WARN_BOOL_CONVERSION = YES;
				CLANG_WARN_COMMA = YES;
				CLANG_WARN_CONSTANT_CONVERSION = YES;
				CLANG_WARN_DIRECT_OBJC_ISA_USAGE = YES_ERROR;
				CLANG_WARN_DOCUMENTATION_COMMENTS = YES;
				CLANG_WARN_EMPTY_BODY = YES;
				CLANG_WARN_ENUM_CONVERSION = YES;
				CLANG_WARN_INFINITE_RECURSION = YES;
				CLANG_WARN_INT_CONVERSION = YES;
				CLANG_WARN_NON_LITERAL_NULL_CONVERSION = YES;
				CLANG_WARN_OBJC_LITERAL_CONVERSION = YES;
				CLANG_WARN_OBJC_ROOT_CLASS = YES_ERROR;
				CLANG_WARN_RANGE_LOOP_ANALYSIS = YES;
				CLANG_WARN_STRICT_PROTOTYPES = YES;
				CLANG_WARN_SUSPICIOUS_MOVE = YES;
				CLANG_WARN_UNGUARDED_AVAILABILITY = YES_AGGRESSIVE;
				CLANG_WARN_UNREACHABLE_CODE = YES;
				CLANG_WARN__DUPLICATE_METHOD_MATCH = YES;
				CODE_SIGN_IDENTITY = "iPhone Developer";
				COPY_PHASE_STRIP = NO;
				DEBUG_INFORMATION_FORMAT = "dwarf-with-dsym";
				ENABLE_NS_ASSERTIONS = NO;
				ENABLE_STRICT_OBJC_MSGSEND = YES;
				GCC_C_LANGUAGE_STANDARD = gnu11;
				GCC_NO_COMMON_BLOCKS = YES;
				GCC_WARN_64_TO_32_BIT_CONVERSION = YES;
				GCC_WARN_ABOUT_RETURN_TYPE = YES_ERROR;
				GCC_WARN_UNDECLARED_SELECTOR = YES;
				GCC_WARN_UNINITIALIZED_AUTOS = YES_AGGRESSIVE;
				GCC_WARN_UNUSED_FUNCTION = YES;
				GCC_WARN_UNUSED_VARIABLE = YES;
				IPHONEOS_DEPLOYMENT_TARGET = 11.2;
				MTL_ENABLE_DEBUG_INFO = NO;
				SDKROOT = iphoneos;
				VALIDATE_PRODUCT = YES;
			};
			name = Release;
		};
		C23D466B1FD93DF600AD3F0A /* Debug */ = {
			isa = XCBuildConfiguration;
			buildSettings = {
				ASSETCATALOG_COMPILER_APPICON_NAME = AppIcon;
				CODE_SIGN_STYLE = Automatic;
				DEVELOPMENT_TEAM = U258TTAZ4B;
				INFOPLIST_FILE = KNGyroscopeView/Info.plist;
				LD_RUNPATH_SEARCH_PATHS = "$(inherited) @executable_path/Frameworks";
				PRODUCT_BUNDLE_IDENTIFIER = Leessang.KNGyroscopeView;
				PRODUCT_NAME = "$(TARGET_NAME)";
				TARGETED_DEVICE_FAMILY = "1,2";
			};
			name = Debug;
		};
		C23D466C1FD93DF600AD3F0A /* Release */ = {
			isa = XCBuildConfiguration;
			buildSettings = {
				ASSETCATALOG_COMPILER_APPICON_NAME = AppIcon;
				CODE_SIGN_STYLE = Automatic;
				DEVELOPMENT_TEAM = U258TTAZ4B;
				INFOPLIST_FILE = KNGyroscopeView/Info.plist;
				LD_RUNPATH_SEARCH_PATHS = "$(inherited) @executable_path/Frameworks";
				PRODUCT_BUNDLE_IDENTIFIER = Leessang.KNGyroscopeView;
				PRODUCT_NAME = "$(TARGET_NAME)";
				TARGETED_DEVICE_FAMILY = "1,2";
			};
			name = Release;
		};
/* End XCBuildConfiguration section */

/* Begin XCConfigurationList section */
		C23D464F1FD93DF500AD3F0A /* Build configuration list for PBXProject "KNGyroscopeView" */ = {
			isa = XCConfigurationList;
			buildConfigurations = (
				C23D46681FD93DF600AD3F0A /* Debug */,
				C23D46691FD93DF600AD3F0A /* Release */,
			);
			defaultConfigurationIsVisible = 0;
			defaultConfigurationName = Release;
		};
		C23D466A1FD93DF600AD3F0A /* Build configuration list for PBXNativeTarget "KNGyroscopeView" */ = {
			isa = XCConfigurationList;
			buildConfigurations = (
				C23D466B1FD93DF600AD3F0A /* Debug */,
				C23D466C1FD93DF600AD3F0A /* Release */,
			);
			defaultConfigurationIsVisible = 0;
			defaultConfigurationName = Release;
		};
/* End XCConfigurationList section */
	};
	rootObject = C23D464C1FD93DF500AD3F0A /* Project object */;
}
